
Microsoft Visual Studio Solution File, Format Version 12.00
# Visual Studio Version 16
VisualStudioVersion = 16.0.29806.167
MinimumVisualStudioVersion = 10.0.40219.1
Project("{FAE04EC0-301F-11D3-BF4B-00C04F79EFBC}") = "KSUFizzBuzz", "KSUFizzBuzz\KSUFizzBuzz.csproj", "{F1D60E9C-54E1-4F9F-B9E5-717D30EFC0AD}"
EndProject
Global
	GlobalSection(SolutionConfigurationPlatforms) = preSolution
		Debug|Any CPU = Debug|Any CPU
		Release|Any CPU = Release|Any CPU
	EndGlobalSection
	GlobalSection(ProjectConfigurationPlatforms) = postSolution
		{F1D60E9C-54E1-4F9F-B9E5-717D30EFC0AD}.Debug|Any CPU.ActiveCfg = Debug|Any CPU
		{F1D60E9C-54E1-4F9F-B9E5-717D30EFC0AD}.Debug|Any CPU.Build.0 = Debug|Any CPU
		{F1D60E9C-54E1-4F9F-B9E5-717D30EFC0AD}.Release|Any CPU.ActiveCfg = Release|Any CPU
		{F1D60E9C-54E1-4F9F-B9E5-717D30EFC0AD}.Release|Any CPU.Build.0 = Release|Any CPU
	EndGlobalSection
	GlobalSection(SolutionProperties) = preSolution
		HideSolutionNode = FALSE
	EndGlobalSection
	GlobalSection(ExtensibilityGlobals) = postSolution
		SolutionGuid = {392FF525-4A68-40FC-8608-6B3562DDD83A}
	EndGlobalSection
EndGlobal
