
Microsoft Visual Studio Solution File, Format Version 12.00
# Visual Studio 15
VisualStudioVersion = 15.0.28307.645
MinimumVisualStudioVersion = 10.0.40219.1
Project("{FAE04EC0-301F-11D3-BF4B-00C04F79EFBC}") = "FizzBuzzApp", "FizzBuzzApp\FizzBuzzApp.csproj", "{02B68202-FCBB-4A51-94A7-F26E1FB22D75}"
EndProject
Project("{FAE04EC0-301F-11D3-BF4B-00C04F79EFBC}") = "NUnitFizzBuzzApp", "NUnitFizzBuzzApp\NUnitFizzBuzzApp.csproj", "{6B339376-F506-4FC1-9DA1-E4EE9592722C}"
EndProject
Global
	GlobalSection(SolutionConfigurationPlatforms) = preSolution
		Debug|Any CPU = Debug|Any CPU
		Release|Any CPU = Release|Any CPU
	EndGlobalSection
	GlobalSection(ProjectConfigurationPlatforms) = postSolution
		{02B68202-FCBB-4A51-94A7-F26E1FB22D75}.Debug|Any CPU.ActiveCfg = Debug|Any CPU
		{02B68202-FCBB-4A51-94A7-F26E1FB22D75}.Debug|Any CPU.Build.0 = Debug|Any CPU
		{02B68202-FCBB-4A51-94A7-F26E1FB22D75}.Release|Any CPU.ActiveCfg = Release|Any CPU
		{02B68202-FCBB-4A51-94A7-F26E1FB22D75}.Release|Any CPU.Build.0 = Release|Any CPU
		{6B339376-F506-4FC1-9DA1-E4EE9592722C}.Debug|Any CPU.ActiveCfg = Debug|Any CPU
		{6B339376-F506-4FC1-9DA1-E4EE9592722C}.Debug|Any CPU.Build.0 = Debug|Any CPU
		{6B339376-F506-4FC1-9DA1-E4EE9592722C}.Release|Any CPU.ActiveCfg = Release|Any CPU
		{6B339376-F506-4FC1-9DA1-E4EE9592722C}.Release|Any CPU.Build.0 = Release|Any CPU
	EndGlobalSection
	GlobalSection(SolutionProperties) = preSolution
		HideSolutionNode = FALSE
	EndGlobalSection
	GlobalSection(ExtensibilityGlobals) = postSolution
		SolutionGuid = {3BDD2E78-6E38-4CF5-8F6E-E6E00BCF450B}
	EndGlobalSection
EndGlobal
